
Microsoft Visual Studio Solution File, Format Version 12.00
# Visual Studio Version 17
VisualStudioVersion = 17.1.32319.34
MinimumVisualStudioVersion = 10.0.40219.1
Project("{FAE04EC0-301F-11D3-BF4B-00C04F79EFBC}") = "ASENKRON", "ASENKRON\ASENKRON.csproj", "{B01B1B54-397F-4599-88EC-BB72DE3AFD5A}"
EndProject
Global
	GlobalSection(SolutionConfigurationPlatforms) = preSolution
		Debug|Any CPU = Debug|Any CPU
		Release|Any CPU = Release|Any CPU
	EndGlobalSection
	GlobalSection(ProjectConfigurationPlatforms) = postSolution
		{B01B1B54-397F-4599-88EC-BB72DE3AFD5A}.Debug|Any CPU.ActiveCfg = Debug|Any CPU
		{B01B1B54-397F-4599-88EC-BB72DE3AFD5A}.Debug|Any CPU.Build.0 = Debug|Any CPU
		{B01B1B54-397F-4599-88EC-BB72DE3AFD5A}.Release|Any CPU.ActiveCfg = Release|Any CPU
		{B01B1B54-397F-4599-88EC-BB72DE3AFD5A}.Release|Any CPU.Build.0 = Release|Any CPU
	EndGlobalSection
	GlobalSection(SolutionProperties) = preSolution
		HideSolutionNode = FALSE
	EndGlobalSection
	GlobalSection(ExtensibilityGlobals) = postSolution
		SolutionGuid = {C34B5BD0-FB4B-4A8B-B8A3-2FBB48F4CC0F}
	EndGlobalSection
EndGlobal
